// !$*UTF8*$!
{
	archiveVersion = 1;
	classes = {
	};
	objectVersion = 54;
	objects = {

/* Begin PBXBuildFile section */
		0C80B921A6F3F58F76C31292 /* libPods-Nature_Notes.a in Frameworks */ = {isa = PBXBuildFile; fileRef = 5DCACB8F33CDC322A6C60F78 /* libPods-Nature_Notes.a */; };
		13B07FBF1A68108700A75B9A /* Images.xcassets in Resources */ = {isa = PBXBuildFile; fileRef = 13B07FB51A68108700A75B9A /* Images.xcassets */; };
		761780ED2CA45674006654EE /* AppDelegate.swift in Sources */ = {isa = PBXBuildFile; fileRef = 761780EC2CA45674006654EE /* AppDelegate.swift */; };
		81AB9BB82411601600AC10FF /* LaunchScreen.storyboard in Resources */ = {isa = PBXBuildFile; fileRef = 81AB9BB72411601600AC10FF /* LaunchScreen.storyboard */; };
		357930E3F0D64045A23AA445 /* PlusJakartaSans-Bold.ttf in Resources */ = {isa = PBXBuildFile; fileRef = DE6DE2288AEE4AAB82B52E82 /* PlusJakartaSans-Bold.ttf */; };
		D04AC2A2D7C941B2A9C49908 /* PlusJakartaSans-SemiBold.ttf in Resources */ = {isa = PBXBuildFile; fileRef = 464A4B6FF29E4D48A2BE974D /* PlusJakartaSans-SemiBold.ttf */; };
		E967B5E58A244DF3A0B7CF69 /* PlusJakartaSans-Regular.ttf in Resources */ = {isa = PBXBuildFile; fileRef = 3BC12E5D66104557A7DB5E92 /* PlusJakartaSans-Regular.ttf */; };
		99F66F163EB54F8CBC8B8681 /* BootSplash.storyboard in Resources */ = {isa = PBXBuildFile; fileRef = 2D3BD363B72B4A0FA50353A4 /* BootSplash.storyboard */; };
		324871E4F3004E05A2C1546C /* Colors.xcassets in Resources */ = {isa = PBXBuildFile; fileRef = 0B50834B119F46F2B526114A /* Colors.xcassets */; };
		F107EAEAC1D84030A40F2A3A /* PlusJakartaSans-Medium.ttf in Resources */ = {isa = PBXBuildFile; fileRef = CFEEDC8A929F44D6A5A5C8B5 /* PlusJakartaSans-Medium.ttf */; };
		01F06202E0854E60827CD4E4 /* Lexend-Bold.ttf in Resources */ = {isa = PBXBuildFile; fileRef = 8B14918A4521496C9E711FD3 /* Lexend-Bold.ttf */; };
		B7940A6A46C64953B29FA28B /* Lexend-Medium.ttf in Resources */ = {isa = PBXBuildFile; fileRef = 75D26AF0B4794780BFCFB6BA /* Lexend-Medium.ttf */; };
		90175E657A754B9A95426820 /* Lexend-Regular.ttf in Resources */ = {isa = PBXBuildFile; fileRef = 8DED2B64A47E4CFDB64E33BE /* Lexend-Regular.ttf */; };
		C40C0984960849C2BDA98FB6 /* Manrope-Bold.ttf in Resources */ = {isa = PBXBuildFile; fileRef = 36EC0FAF29664384AF4EE629 /* Manrope-Bold.ttf */; };
		A1CE46BF2EC54B30AA9F3099 /* Manrope-Medium.ttf in Resources */ = {isa = PBXBuildFile; fileRef = 26478BE2B357499F8B939630 /* Manrope-Medium.ttf */; };
		80E46BBFE4AF44458F68D93F /* Manrope-Regular.ttf in Resources */ = {isa = PBXBuildFile; fileRef = B56074D0BF134800BA903E68 /* Manrope-Regular.ttf */; };
		3B36709638134C718194C369 /* Newsreader_14pt-Bold.ttf in Resources */ = {isa = PBXBuildFile; fileRef = 459E1A087F434F8EB940CA5C /* Newsreader_14pt-Bold.ttf */; };
		7F69B687A7DB4EB6A461032C /* Newsreader_14pt-Medium.ttf in Resources */ = {isa = PBXBuildFile; fileRef = 3DE67449E3B64DB584B2961F /* Newsreader_14pt-Medium.ttf */; };
		2C69F7E08CB94FC8B115E391 /* Newsreader_14pt-Regular.ttf in Resources */ = {isa = PBXBuildFile; fileRef = 06BD642602E54A1F8D803A18 /* Newsreader_14pt-Regular.ttf */; };
		2861B40464CF40B0BC7372F9 /* NotoSerif-Bold.ttf in Resources */ = {isa = PBXBuildFile; fileRef = FFFED3414D0D43A9A968DEE2 /* NotoSerif-Bold.ttf */; };
		337464E926DB4323867FB5AC /* NotoSerif-Medium.ttf in Resources */ = {isa = PBXBuildFile; fileRef = F36B01EA49BA49CD84801EAF /* NotoSerif-Medium.ttf */; };
		3612AEEA7B82482CA1598056 /* NotoSerif-Regular.ttf in Resources */ = {isa = PBXBuildFile; fileRef = 391282ACE3A54675BD350DD6 /* NotoSerif-Regular.ttf */; };
		B574AFB0FA40468394366863 /* SpaceGrotesk-Bold.ttf in Resources */ = {isa = PBXBuildFile; fileRef = 75043ECDA4994B5DB6BD0769 /* SpaceGrotesk-Bold.ttf */; };
		8239075138BB4174BBE926E1 /* SpaceGrotesk-Medium.ttf in Resources */ = {isa = PBXBuildFile; fileRef = 92278DDA884140C1A2C9D9CA /* SpaceGrotesk-Medium.ttf */; };
		208F2F26F8354CD9B20D8D23 /* SpaceGrotesk-Regular.ttf in Resources */ = {isa = PBXBuildFile; fileRef = 1DA2EF1ACD154F1A82630F93 /* SpaceGrotesk-Regular.ttf */; };
/* End PBXBuildFile section */

/* Begin PBXContainerItemProxy section */
		00E356F41AD99517003FC87E /* PBXContainerItemProxy */ = {
			isa = PBXContainerItemProxy;
			containerPortal = 83CBB9F71A601CBA00E9B192 /* Project object */;
			proxyType = 1;
			remoteGlobalIDString = 13B07F861A680F5B00A75B9A;
			remoteInfo = Nature_Notes;
		};
/* End PBXContainerItemProxy section */

/* Begin PBXFileReference section */
		00E356F11AD99517003FC87E /* Info.plist */ = {isa = PBXFileReference; lastKnownFileType = text.plist.xml; path = Info.plist; sourceTree = "<group>"; };
		13B07F961A680F5B00A75B9A /* Nature_Notes.app */ = {isa = PBXFileReference; explicitFileType = wrapper.application; includeInIndex = 0; path = Nature_Notes.app; sourceTree = BUILT_PRODUCTS_DIR; };
		13B07FB51A68108700A75B9A /* Images.xcassets */ = {isa = PBXFileReference; lastKnownFileType = folder.assetcatalog; name = Images.xcassets; path = Nature_Notes/Images.xcassets; sourceTree = "<group>"; };
		13B07FB61A68108700A75B9A /* Info.plist */ = {isa = PBXFileReference; fileEncoding = 4; lastKnownFileType = text.plist.xml; name = Info.plist; path = Nature_Notes/Info.plist; sourceTree = "<group>"; };
		13B07FB81A68108700A75B9A /* PrivacyInfo.xcprivacy */ = {isa = PBXFileReference; fileEncoding = 4; lastKnownFileType = text.plist.xml; name = PrivacyInfo.xcprivacy; path = Nature_Notes/PrivacyInfo.xcprivacy; sourceTree = "<group>"; };
		3B4392A12AC88292D35C810B /* Pods-Nature_Notes.debug.xcconfig */ = {isa = PBXFileReference; includeInIndex = 1; lastKnownFileType = text.xcconfig; name = "Pods-Nature_Notes.debug.xcconfig"; path = "Target Support Files/Pods-Nature_Notes/Pods-Nature_Notes.debug.xcconfig"; sourceTree = "<group>"; };
		5709B34CF0A7D63546082F79 /* Pods-Nature_Notes.release.xcconfig */ = {isa = PBXFileReference; includeInIndex = 1; lastKnownFileType = text.xcconfig; name = "Pods-Nature_Notes.release.xcconfig"; path = "Target Support Files/Pods-Nature_Notes/Pods-Nature_Notes.release.xcconfig"; sourceTree = "<group>"; };
		5DCACB8F33CDC322A6C60F78 /* libPods-Nature_Notes.a */ = {isa = PBXFileReference; explicitFileType = archive.ar; includeInIndex = 0; path = "libPods-Nature_Notes.a"; sourceTree = BUILT_PRODUCTS_DIR; };
		761780EC2CA45674006654EE /* AppDelegate.swift */ = {isa = PBXFileReference; lastKnownFileType = sourcecode.swift; name = AppDelegate.swift; path = Nature_Notes/AppDelegate.swift; sourceTree = "<group>"; };
		81AB9BB72411601600AC10FF /* LaunchScreen.storyboard */ = {isa = PBXFileReference; fileEncoding = 4; lastKnownFileType = file.storyboard; name = LaunchScreen.storyboard; path = Nature_Notes/LaunchScreen.storyboard; sourceTree = "<group>"; };
		ED297162215061F000B7C4FE /* JavaScriptCore.framework */ = {isa = PBXFileReference; lastKnownFileType = wrapper.framework; name = JavaScriptCore.framework; path = System/Library/Frameworks/JavaScriptCore.framework; sourceTree = SDKROOT; };
		DE6DE2288AEE4AAB82B52E82 /* PlusJakartaSans-Bold.ttf */ = {isa = PBXFileReference; name = "PlusJakartaSans-Bold.ttf"; path = "../assets/fonts/PlusJakartaSans-Bold.ttf"; sourceTree = "<group>"; fileEncoding = undefined; lastKnownFileType = unknown; explicitFileType = undefined; includeInIndex = 0; };
		464A4B6FF29E4D48A2BE974D /* PlusJakartaSans-SemiBold.ttf */ = {isa = PBXFileReference; name = "PlusJakartaSans-SemiBold.ttf"; path = "../assets/fonts/PlusJakartaSans-SemiBold.ttf"; sourceTree = "<group>"; fileEncoding = undefined; lastKnownFileType = unknown; explicitFileType = undefined; includeInIndex = 0; };
		3BC12E5D66104557A7DB5E92 /* PlusJakartaSans-Regular.ttf */ = {isa = PBXFileReference; name = "PlusJakartaSans-Regular.ttf"; path = "../assets/fonts/PlusJakartaSans-Regular.ttf"; sourceTree = "<group>"; fileEncoding = undefined; lastKnownFileType = unknown; explicitFileType = undefined; includeInIndex = 0; };
		2D3BD363B72B4A0FA50353A4 /* BootSplash.storyboard */ = {isa = PBXFileReference; name = "BootSplash.storyboard"; path = "Nature_Notes/BootSplash.storyboard"; sourceTree = "<group>"; fileEncoding = undefined; lastKnownFileType = unknown; explicitFileType = undefined; includeInIndex = 0; };
		0B50834B119F46F2B526114A /* Colors.xcassets */ = {isa = PBXFileReference; name = "Colors.xcassets"; path = "Nature_Notes/Colors.xcassets"; sourceTree = "<group>"; fileEncoding = undefined; lastKnownFileType = folder.assetcatalog; explicitFileType = undefined; includeInIndex = 0; };
		CFEEDC8A929F44D6A5A5C8B5 /* PlusJakartaSans-Medium.ttf */ = {isa = PBXFileReference; name = "PlusJakartaSans-Medium.ttf"; path = "../assets/fonts/PlusJakartaSans-Medium.ttf"; sourceTree = "<group>"; fileEncoding = undefined; lastKnownFileType = unknown; explicitFileType = undefined; includeInIndex = 0; };
		8B14918A4521496C9E711FD3 /* Lexend-Bold.ttf */ = {isa = PBXFileReference; name = "Lexend-Bold.ttf"; path = "../assets/fonts/Lexend-Bold.ttf"; sourceTree = "<group>"; fileEncoding = undefined; lastKnownFileType = unknown; explicitFileType = undefined; includeInIndex = 0; };
		75D26AF0B4794780BFCFB6BA /* Lexend-Medium.ttf */ = {isa = PBXFileReference; name = "Lexend-Medium.ttf"; path = "../assets/fonts/Lexend-Medium.ttf"; sourceTree = "<group>"; fileEncoding = undefined; lastKnownFileType = unknown; explicitFileType = undefined; includeInIndex = 0; };
		8DED2B64A47E4CFDB64E33BE /* Lexend-Regular.ttf */ = {isa = PBXFileReference; name = "Lexend-Regular.ttf"; path = "../assets/fonts/Lexend-Regular.ttf"; sourceTree = "<group>"; fileEncoding = undefined; lastKnownFileType = unknown; explicitFileType = undefined; includeInIndex = 0; };
		36EC0FAF29664384AF4EE629 /* Manrope-Bold.ttf */ = {isa = PBXFileReference; name = "Manrope-Bold.ttf"; path = "../assets/fonts/Manrope-Bold.ttf"; sourceTree = "<group>"; fileEncoding = undefined; lastKnownFileType = unknown; explicitFileType = undefined; includeInIndex = 0; };
		26478BE2B357499F8B939630 /* Manrope-Medium.ttf */ = {isa = PBXFileReference; name = "Manrope-Medium.ttf"; path = "../assets/fonts/Manrope-Medium.ttf"; sourceTree = "<group>"; fileEncoding = undefined; lastKnownFileType = unknown; explicitFileType = undefined; includeInIndex = 0; };
		B56074D0BF134800BA903E68 /* Manrope-Regular.ttf */ = {isa = PBXFileReference; name = "Manrope-Regular.ttf"; path = "../assets/fonts/Manrope-Regular.ttf"; sourceTree = "<group>"; fileEncoding = undefined; lastKnownFileType = unknown; explicitFileType = undefined; includeInIndex = 0; };
		459E1A087F434F8EB940CA5C /* Newsreader_14pt-Bold.ttf */ = {isa = PBXFileReference; name = "Newsreader_14pt-Bold.ttf"; path = "../assets/fonts/Newsreader_14pt-Bold.ttf"; sourceTree = "<group>"; fileEncoding = undefined; lastKnownFileType = unknown; explicitFileType = undefined; includeInIndex = 0; };
		3DE67449E3B64DB584B2961F /* Newsreader_14pt-Medium.ttf */ = {isa = PBXFileReference; name = "Newsreader_14pt-Medium.ttf"; path = "../assets/fonts/Newsreader_14pt-Medium.ttf"; sourceTree = "<group>"; fileEncoding = undefined; lastKnownFileType = unknown; explicitFileType = undefined; includeInIndex = 0; };
		06BD642602E54A1F8D803A18 /* Newsreader_14pt-Regular.ttf */ = {isa = PBXFileReference; name = "Newsreader_14pt-Regular.ttf"; path = "../assets/fonts/Newsreader_14pt-Regular.ttf"; sourceTree = "<group>"; fileEncoding = undefined; lastKnownFileType = unknown; explicitFileType = undefined; includeInIndex = 0; };
		FFFED3414D0D43A9A968DEE2 /* NotoSerif-Bold.ttf */ = {isa = PBXFileReference; name = "NotoSerif-Bold.ttf"; path = "../assets/fonts/NotoSerif-Bold.ttf"; sourceTree = "<group>"; fileEncoding = undefined; lastKnownFileType = unknown; explicitFileType = undefined; includeInIndex = 0; };
		F36B01EA49BA49CD84801EAF /* NotoSerif-Medium.ttf */ = {isa = PBXFileReference; name = "NotoSerif-Medium.ttf"; path = "../assets/fonts/NotoSerif-Medium.ttf"; sourceTree = "<group>"; fileEncoding = undefined; lastKnownFileType = unknown; explicitFileType = undefined; includeInIndex = 0; };
		391282ACE3A54675BD350DD6 /* NotoSerif-Regular.ttf */ = {isa = PBXFileReference; name = "NotoSerif-Regular.ttf"; path = "../assets/fonts/NotoSerif-Regular.ttf"; sourceTree = "<group>"; fileEncoding = undefined; lastKnownFileType = unknown; explicitFileType = undefined; includeInIndex = 0; };
		75043ECDA4994B5DB6BD0769 /* SpaceGrotesk-Bold.ttf */ = {isa = PBXFileReference; name = "SpaceGrotesk-Bold.ttf"; path = "../assets/fonts/SpaceGrotesk-Bold.ttf"; sourceTree = "<group>"; fileEncoding = undefined; lastKnownFileType = unknown; explicitFileType = undefined; includeInIndex = 0; };
		92278DDA884140C1A2C9D9CA /* SpaceGrotesk-Medium.ttf */ = {isa = PBXFileReference; name = "SpaceGrotesk-Medium.ttf"; path = "../assets/fonts/SpaceGrotesk-Medium.ttf"; sourceTree = "<group>"; fileEncoding = undefined; lastKnownFileType = unknown; explicitFileType = undefined; includeInIndex = 0; };
		1DA2EF1ACD154F1A82630F93 /* SpaceGrotesk-Regular.ttf */ = {isa = PBXFileReference; name = "SpaceGrotesk-Regular.ttf"; path = "../assets/fonts/SpaceGrotesk-Regular.ttf"; sourceTree = "<group>"; fileEncoding = undefined; lastKnownFileType = unknown; explicitFileType = undefined; includeInIndex = 0; };
/* End PBXFileReference section */

/* Begin PBXFrameworksBuildPhase section */
		13B07F8C1A680F5B00A75B9A /* Frameworks */ = {
			isa = PBXFrameworksBuildPhase;
			buildActionMask = 2147483647;
			files = (
				0C80B921A6F3F58F76C31292 /* libPods-Nature_Notes.a in Frameworks */,
			);
			runOnlyForDeploymentPostprocessing = 0;
		};
/* End PBXFrameworksBuildPhase section */

/* Begin PBXGroup section */
		00E356F01AD99517003FC87E /* Supporting Files */ = {
			isa = PBXGroup;
			children = (
				00E356F11AD99517003FC87E /* Info.plist */,
			);
			name = "Supporting Files";
			sourceTree = "<group>";
		};
		13B07FAE1A68108700A75B9A /* Nature_Notes */ = {
			isa = PBXGroup;
			children = (
				13B07FB51A68108700A75B9A /* Images.xcassets */,
				761780EC2CA45674006654EE /* AppDelegate.swift */,
				13B07FB61A68108700A75B9A /* Info.plist */,
				81AB9BB72411601600AC10FF /* LaunchScreen.storyboard */,
				13B07FB81A68108700A75B9A /* PrivacyInfo.xcprivacy */,
				2D3BD363B72B4A0FA50353A4 /* BootSplash.storyboard */,
				0B50834B119F46F2B526114A /* Colors.xcassets */,
			);
			name = Nature_Notes;
			sourceTree = "<group>";
		};
		2D16E6871FA4F8E400B85C8A /* Frameworks */ = {
			isa = PBXGroup;
			children = (
				ED297162215061F000B7C4FE /* JavaScriptCore.framework */,
				5DCACB8F33CDC322A6C60F78 /* libPods-Nature_Notes.a */,
			);
			name = Frameworks;
			sourceTree = "<group>";
		};
		832341AE1AAA6A7D00B99B32 /* Libraries */ = {
			isa = PBXGroup;
			children = (
			);
			name = Libraries;
			sourceTree = "<group>";
		};
		83CBB9F61A601CBA00E9B192 = {
			isa = PBXGroup;
			children = (
				13B07FAE1A68108700A75B9A /* Nature_Notes */,
				832341AE1AAA6A7D00B99B32 /* Libraries */,
				83CBBA001A601CBA00E9B192 /* Products */,
				2D16E6871FA4F8E400B85C8A /* Frameworks */,
				BBD78D7AC51CEA395F1C20DB /* Pods */,
				1885208060694EE39E8C2564 /* Resources */,
			);
			indentWidth = 2;
			sourceTree = "<group>";
			tabWidth = 2;
			usesTabs = 0;
		};
		83CBBA001A601CBA00E9B192 /* Products */ = {
			isa = PBXGroup;
			children = (
				13B07F961A680F5B00A75B9A /* Nature_Notes.app */,
			);
			name = Products;
			sourceTree = "<group>";
		};
		BBD78D7AC51CEA395F1C20DB /* Pods */ = {
			isa = PBXGroup;
			children = (
				3B4392A12AC88292D35C810B /* Pods-Nature_Notes.debug.xcconfig */,
				5709B34CF0A7D63546082F79 /* Pods-Nature_Notes.release.xcconfig */,
			);
			path = Pods;
			sourceTree = "<group>";
		};
		1885208060694EE39E8C2564 /* Resources */ = {
			isa = "PBXGroup";
			children = (
				DE6DE2288AEE4AAB82B52E82 /* PlusJakartaSans-Bold.ttf */,
				464A4B6FF29E4D48A2BE974D /* PlusJakartaSans-SemiBold.ttf */,
				3BC12E5D66104557A7DB5E92 /* PlusJakartaSans-Regular.ttf */,
				CFEEDC8A929F44D6A5A5C8B5 /* PlusJakartaSans-Medium.ttf */,
				8B14918A4521496C9E711FD3 /* Lexend-Bold.ttf */,
				75D26AF0B4794780BFCFB6BA /* Lexend-Medium.ttf */,
				8DED2B64A47E4CFDB64E33BE /* Lexend-Regular.ttf */,
				36EC0FAF29664384AF4EE629 /* Manrope-Bold.ttf */,
				26478BE2B357499F8B939630 /* Manrope-Medium.ttf */,
				B56074D0BF134800BA903E68 /* Manrope-Regular.ttf */,
				459E1A087F434F8EB940CA5C /* Newsreader_14pt-Bold.ttf */,
				3DE67449E3B64DB584B2961F /* Newsreader_14pt-Medium.ttf */,
				06BD642602E54A1F8D803A18 /* Newsreader_14pt-Regular.ttf */,
				FFFED3414D0D43A9A968DEE2 /* NotoSerif-Bold.ttf */,
				F36B01EA49BA49CD84801EAF /* NotoSerif-Medium.ttf */,
				391282ACE3A54675BD350DD6 /* NotoSerif-Regular.ttf */,
				75043ECDA4994B5DB6BD0769 /* SpaceGrotesk-Bold.ttf */,
				92278DDA884140C1A2C9D9CA /* SpaceGrotesk-Medium.ttf */,
				1DA2EF1ACD154F1A82630F93 /* SpaceGrotesk-Regular.ttf */,
			);
			name = Resources;
			sourceTree = "<group>";
			path = "";
		};
/* End PBXGroup section */

/* Begin PBXNativeTarget section */
		13B07F861A680F5B00A75B9A /* Nature_Notes */ = {
			isa = PBXNativeTarget;
			buildConfigurationList = 13B07F931A680F5B00A75B9A /* Build configuration list for PBXNativeTarget "Nature_Notes" */;
			buildPhases = (
				C38B50BA6285516D6DCD4F65 /* [CP] Check Pods Manifest.lock */,
				13B07F871A680F5B00A75B9A /* Sources */,
				13B07F8C1A680F5B00A75B9A /* Frameworks */,
				13B07F8E1A680F5B00A75B9A /* Resources */,
				00DD1BFF1BD5951E006B06BC /* Bundle React Native code and images */,
				00EEFC60759A1932668264C0 /* [CP] Embed Pods Frameworks */,
				E235C05ADACE081382539298 /* [CP] Copy Pods Resources */,
			);
			buildRules = (
			);
			dependencies = (
			);
			name = Nature_Notes;
			productName = Nature_Notes;
			productReference = 13B07F961A680F5B00A75B9A /* Nature_Notes.app */;
			productType = "com.apple.product-type.application";
		};
/* End PBXNativeTarget section */

/* Begin PBXProject section */
		83CBB9F71A601CBA00E9B192 /* Project object */ = {
			isa = PBXProject;
			attributes = {
				LastUpgradeCheck = 1210;
				TargetAttributes = {
					13B07F861A680F5B00A75B9A = {
						LastSwiftMigration = 1120;
					};
				};
			};
			buildConfigurationList = 83CBB9FA1A601CBA00E9B192 /* Build configuration list for PBXProject "Nature_Notes" */;
			compatibilityVersion = "Xcode 12.0";
			developmentRegion = en;
			hasScannedForEncodings = 0;
			knownRegions = (
				en,
				Base,
			);
			mainGroup = 83CBB9F61A601CBA00E9B192;
			productRefGroup = 83CBBA001A601CBA00E9B192 /* Products */;
			projectDirPath = "";
			projectRoot = "";
			targets = (
				13B07F861A680F5B00A75B9A /* Nature_Notes */,
			);
		};
/* End PBXProject section */

/* Begin PBXResourcesBuildPhase section */
		00E356EC1AD99517003FC87E /* Resources */ = {
			isa = PBXResourcesBuildPhase;
			buildActionMask = 2147483647;
			files = (
			);
			runOnlyForDeploymentPostprocessing = 0;
		};
		13B07F8E1A680F5B00A75B9A /* Resources */ = {
			isa = PBXResourcesBuildPhase;
			buildActionMask = 2147483647;
			files = (
				81AB9BB82411601600AC10FF /* LaunchScreen.storyboard in Resources */,
				13B07FBF1A68108700A75B9A /* Images.xcassets in Resources */,
				357930E3F0D64045A23AA445 /* PlusJakartaSans-Bold.ttf in Resources */,
				D04AC2A2D7C941B2A9C49908 /* PlusJakartaSans-SemiBold.ttf in Resources */,
				E967B5E58A244DF3A0B7CF69 /* PlusJakartaSans-Regular.ttf in Resources */,
				99F66F163EB54F8CBC8B8681 /* BootSplash.storyboard in Resources */,
				324871E4F3004E05A2C1546C /* Colors.xcassets in Resources */,
				F107EAEAC1D84030A40F2A3A /* PlusJakartaSans-Medium.ttf in Resources */,
				01F06202E0854E60827CD4E4 /* Lexend-Bold.ttf in Resources */,
				B7940A6A46C64953B29FA28B /* Lexend-Medium.ttf in Resources */,
				90175E657A754B9A95426820 /* Lexend-Regular.ttf in Resources */,
				C40C0984960849C2BDA98FB6 /* Manrope-Bold.ttf in Resources */,
				A1CE46BF2EC54B30AA9F3099 /* Manrope-Medium.ttf in Resources */,
				80E46BBFE4AF44458F68D93F /* Manrope-Regular.ttf in Resources */,
				3B36709638134C718194C369 /* Newsreader_14pt-Bold.ttf in Resources */,
				7F69B687A7DB4EB6A461032C /* Newsreader_14pt-Medium.ttf in Resources */,
				2C69F7E08CB94FC8B115E391 /* Newsreader_14pt-Regular.ttf in Resources */,
				2861B40464CF40B0BC7372F9 /* NotoSerif-Bold.ttf in Resources */,
				337464E926DB4323867FB5AC /* NotoSerif-Medium.ttf in Resources */,
				3612AEEA7B82482CA1598056 /* NotoSerif-Regular.ttf in Resources */,
				B574AFB0FA40468394366863 /* SpaceGrotesk-Bold.ttf in Resources */,
				8239075138BB4174BBE926E1 /* SpaceGrotesk-Medium.ttf in Resources */,
				208F2F26F8354CD9B20D8D23 /* SpaceGrotesk-Regular.ttf in Resources */,
			);
			runOnlyForDeploymentPostprocessing = 0;
		};
/* End PBXResourcesBuildPhase section */

/* Begin PBXShellScriptBuildPhase section */
		00DD1BFF1BD5951E006B06BC /* Bundle React Native code and images */ = {
			isa = PBXShellScriptBuildPhase;
			buildActionMask = 2147483647;
			files = (
			);
			inputPaths = (
				"$(SRCROOT)/.xcode.env.local",
				"$(SRCROOT)/.xcode.env",
			);
			name = "Bundle React Native code and images";
			outputPaths = (
			);
			runOnlyForDeploymentPostprocessing = 0;
			shellPath = /bin/sh;
			shellScript = "set -e\n\nWITH_ENVIRONMENT=\"$REACT_NATIVE_PATH/scripts/xcode/with-environment.sh\"\nREACT_NATIVE_XCODE=\"$REACT_NATIVE_PATH/scripts/react-native-xcode.sh\"\n\n/bin/sh -c \"$WITH_ENVIRONMENT $REACT_NATIVE_XCODE\"\n";
		};
		00EEFC60759A1932668264C0 /* [CP] Embed Pods Frameworks */ = {
			isa = PBXShellScriptBuildPhase;
			buildActionMask = 2147483647;
			files = (
			);
			inputFileListPaths = (
				"${PODS_ROOT}/Target Support Files/Pods-Nature_Notes/Pods-Nature_Notes-frameworks-${CONFIGURATION}-input-files.xcfilelist",
			);
			name = "[CP] Embed Pods Frameworks";
			outputFileListPaths = (
				"${PODS_ROOT}/Target Support Files/Pods-Nature_Notes/Pods-Nature_Notes-frameworks-${CONFIGURATION}-output-files.xcfilelist",
			);
			runOnlyForDeploymentPostprocessing = 0;
			shellPath = /bin/sh;
			shellScript = "\"${PODS_ROOT}/Target Support Files/Pods-Nature_Notes/Pods-Nature_Notes-frameworks.sh\"\n";
			showEnvVarsInLog = 0;
		};
		C38B50BA6285516D6DCD4F65 /* [CP] Check Pods Manifest.lock */ = {
			isa = PBXShellScriptBuildPhase;
			buildActionMask = 2147483647;
			files = (
			);
			inputFileListPaths = (
			);
			inputPaths = (
				"${PODS_PODFILE_DIR_PATH}/Podfile.lock",
				"${PODS_ROOT}/Manifest.lock",
			);
			name = "[CP] Check Pods Manifest.lock";
			outputFileListPaths = (
			);
			outputPaths = (
				"$(DERIVED_FILE_DIR)/Pods-Nature_Notes-checkManifestLockResult.txt",
			);
			runOnlyForDeploymentPostprocessing = 0;
			shellPath = /bin/sh;
			shellScript = "diff \"${PODS_PODFILE_DIR_PATH}/Podfile.lock\" \"${PODS_ROOT}/Manifest.lock\" > /dev/null\nif [ $? != 0 ] ; then\n    # print error to STDERR\n    echo \"error: The sandbox is not in sync with the Podfile.lock. Run 'pod install' or update your CocoaPods installation.\" >&2\n    exit 1\nfi\n# This output is used by Xcode 'outputs' to avoid re-running this script phase.\necho \"SUCCESS\" > \"${SCRIPT_OUTPUT_FILE_0}\"\n";
			showEnvVarsInLog = 0;
		};
		E235C05ADACE081382539298 /* [CP] Copy Pods Resources */ = {
			isa = PBXShellScriptBuildPhase;
			buildActionMask = 2147483647;
			files = (
			);
			inputFileListPaths = (
				"${PODS_ROOT}/Target Support Files/Pods-Nature_Notes/Pods-Nature_Notes-resources-${CONFIGURATION}-input-files.xcfilelist",
			);
			name = "[CP] Copy Pods Resources";
			outputFileListPaths = (
				"${PODS_ROOT}/Target Support Files/Pods-Nature_Notes/Pods-Nature_Notes-resources-${CONFIGURATION}-output-files.xcfilelist",
			);
			runOnlyForDeploymentPostprocessing = 0;
			shellPath = /bin/sh;
			shellScript = "\"${PODS_ROOT}/Target Support Files/Pods-Nature_Notes/Pods-Nature_Notes-resources.sh\"\n";
			showEnvVarsInLog = 0;
		};
/* End PBXShellScriptBuildPhase section */

/* Begin PBXSourcesBuildPhase section */
		13B07F871A680F5B00A75B9A /* Sources */ = {
			isa = PBXSourcesBuildPhase;
			buildActionMask = 2147483647;
			files = (
				761780ED2CA45674006654EE /* AppDelegate.swift in Sources */,
			);
			runOnlyForDeploymentPostprocessing = 0;
		};
/* End PBXSourcesBuildPhase section */

/* Begin PBXTargetDependency section */
		00E356F51AD99517003FC87E /* PBXTargetDependency */ = {
			isa = PBXTargetDependency;
			target = 13B07F861A680F5B00A75B9A /* Nature_Notes */;
			targetProxy = 00E356F41AD99517003FC87E /* PBXContainerItemProxy */;
		};
/* End PBXTargetDependency section */

/* Begin XCBuildConfiguration section */
		13B07F941A680F5B00A75B9A /* Debug */ = {
			isa = XCBuildConfiguration;
			baseConfigurationReference = 3B4392A12AC88292D35C810B /* Pods-Nature_Notes.debug.xcconfig */;
			buildSettings = {
				ASSETCATALOG_COMPILER_APPICON_NAME = AppIcon;
				CLANG_ENABLE_MODULES = YES;
				CURRENT_PROJECT_VERSION = 1;
				ENABLE_BITCODE = NO;
				INFOPLIST_FILE = Nature_Notes/Info.plist;
				IPHONEOS_DEPLOYMENT_TARGET = 15.1;
				LD_RUNPATH_SEARCH_PATHS = (
					"$(inherited)",
					"@executable_path/Frameworks",
				);
				MARKETING_VERSION = 1.0;
				OTHER_LDFLAGS = (
					"$(inherited)",
					"-ObjC",
					"-lc++",
				);
				PRODUCT_BUNDLE_IDENTIFIER = "org.reactjs.native.example.$(PRODUCT_NAME:rfc1034identifier)";
				PRODUCT_NAME = Nature_Notes;
				SWIFT_OPTIMIZATION_LEVEL = "-Onone";
				SWIFT_VERSION = 5.0;
				VERSIONING_SYSTEM = "apple-generic";
			};
			name = Debug;
		};
		13B07F951A680F5B00A75B9A /* Release */ = {
			isa = XCBuildConfiguration;
			baseConfigurationReference = 5709B34CF0A7D63546082F79 /* Pods-Nature_Notes.release.xcconfig */;
			buildSettings = {
				ASSETCATALOG_COMPILER_APPICON_NAME = AppIcon;
				CLANG_ENABLE_MODULES = YES;
				CURRENT_PROJECT_VERSION = 1;
				INFOPLIST_FILE = Nature_Notes/Info.plist;
				IPHONEOS_DEPLOYMENT_TARGET = 15.1;
				LD_RUNPATH_SEARCH_PATHS = (
					"$(inherited)",
					"@executable_path/Frameworks",
				);
				MARKETING_VERSION = 1.0;
				OTHER_LDFLAGS = (
					"$(inherited)",
					"-ObjC",
					"-lc++",
				);
				PRODUCT_BUNDLE_IDENTIFIER = "org.reactjs.native.example.$(PRODUCT_NAME:rfc1034identifier)";
				PRODUCT_NAME = Nature_Notes;
				SWIFT_VERSION = 5.0;
				VERSIONING_SYSTEM = "apple-generic";
			};
			name = Release;
		};
		83CBBA201A601CBA00E9B192 /* Debug */ = {
			isa = XCBuildConfiguration;
			buildSettings = {
				ALWAYS_SEARCH_USER_PATHS = NO;
				CLANG_ANALYZER_LOCALIZABILITY_NONLOCALIZED = YES;
				CLANG_CXX_LANGUAGE_STANDARD = "c++20";
				CLANG_CXX_LIBRARY = "libc++";
				CLANG_ENABLE_MODULES = YES;
				CLANG_ENABLE_OBJC_ARC = YES;
				CLANG_WARN_BLOCK_CAPTURE_AUTORELEASING = YES;
				CLANG_WARN_BOOL_CONVERSION = YES;
				CLANG_WARN_COMMA = YES;
				CLANG_WARN_CONSTANT_CONVERSION = YES;
				CLANG_WARN_DEPRECATED_OBJC_IMPLEMENTATIONS = YES;
				CLANG_WARN_DIRECT_OBJC_ISA_USAGE = YES_ERROR;
				CLANG_WARN_EMPTY_BODY = YES;
				CLANG_WARN_ENUM_CONVERSION = YES;
				CLANG_WARN_INFINITE_RECURSION = YES;
				CLANG_WARN_INT_CONVERSION = YES;
				CLANG_WARN_NON_LITERAL_NULL_CONVERSION = YES;
				CLANG_WARN_OBJC_IMPLICIT_RETAIN_SELF = YES;
				CLANG_WARN_OBJC_LITERAL_CONVERSION = YES;
				CLANG_WARN_OBJC_ROOT_CLASS = YES_ERROR;
				CLANG_WARN_QUOTED_INCLUDE_IN_FRAMEWORK_HEADER = YES;
				CLANG_WARN_RANGE_LOOP_ANALYSIS = YES;
				CLANG_WARN_STRICT_PROTOTYPES = YES;
				CLANG_WARN_SUSPICIOUS_MOVE = YES;
				CLANG_WARN_UNREACHABLE_CODE = YES;
				CLANG_WARN__DUPLICATE_METHOD_MATCH = YES;
				"CODE_SIGN_IDENTITY[sdk=iphoneos*]" = "iPhone Developer";
				COPY_PHASE_STRIP = NO;
				ENABLE_STRICT_OBJC_MSGSEND = YES;
				ENABLE_TESTABILITY = YES;
				"EXCLUDED_ARCHS[sdk=iphonesimulator*]" = "";
				GCC_C_LANGUAGE_STANDARD = gnu99;
				GCC_DYNAMIC_NO_PIC = NO;
				GCC_NO_COMMON_BLOCKS = YES;
				GCC_OPTIMIZATION_LEVEL = 0;
				GCC_PREPROCESSOR_DEFINITIONS = (
					"DEBUG=1",
					"$(inherited)",
				);
				GCC_SYMBOLS_PRIVATE_EXTERN = NO;
				GCC_WARN_64_TO_32_BIT_CONVERSION = YES;
				GCC_WARN_ABOUT_RETURN_TYPE = YES_ERROR;
				GCC_WARN_UNDECLARED_SELECTOR = YES;
				GCC_WARN_UNINITIALIZED_AUTOS = YES_AGGRESSIVE;
				GCC_WARN_UNUSED_FUNCTION = YES;
				GCC_WARN_UNUSED_VARIABLE = YES;
				IPHONEOS_DEPLOYMENT_TARGET = 15.1;
				LD_RUNPATH_SEARCH_PATHS = (
					/usr/lib/swift,
					"$(inherited)",
				);
				LIBRARY_SEARCH_PATHS = (
					"\"$(SDKROOT)/usr/lib/swift\"",
					"\"$(TOOLCHAIN_DIR)/usr/lib/swift/$(PLATFORM_NAME)\"",
					"\"$(inherited)\"",
				);
				MTL_ENABLE_DEBUG_INFO = YES;
				ONLY_ACTIVE_ARCH = YES;
				OTHER_CPLUSPLUSFLAGS = (
					"$(OTHER_CFLAGS)",
					"-DFOLLY_NO_CONFIG",
					"-DFOLLY_MOBILE=1",
					"-DFOLLY_USE_LIBCPP=1",
					"-DFOLLY_CFG_NO_COROUTINES=1",
					"-DFOLLY_HAVE_CLOCK_GETTIME=1",
				);
				SDKROOT = iphoneos;
			};
			name = Debug;
		};
		83CBBA211A601CBA00E9B192 /* Release */ = {
			isa = XCBuildConfiguration;
			buildSettings = {
				ALWAYS_SEARCH_USER_PATHS = NO;
				CLANG_ANALYZER_LOCALIZABILITY_NONLOCALIZED = YES;
				CLANG_CXX_LANGUAGE_STANDARD = "c++20";
				CLANG_CXX_LIBRARY = "libc++";
				CLANG_ENABLE_MODULES = YES;
				CLANG_ENABLE_OBJC_ARC = YES;
				CLANG_WARN_BLOCK_CAPTURE_AUTORELEASING = YES;
				CLANG_WARN_BOOL_CONVERSION = YES;
				CLANG_WARN_COMMA = YES;
				CLANG_WARN_CONSTANT_CONVERSION = YES;
				CLANG_WARN_DEPRECATED_OBJC_IMPLEMENTATIONS = YES;
				CLANG_WARN_DIRECT_OBJC_ISA_USAGE = YES_ERROR;
				CLANG_WARN_EMPTY_BODY = YES;
				CLANG_WARN_ENUM_CONVERSION = YES;
				CLANG_WARN_INFINITE_RECURSION = YES;
				CLANG_WARN_INT_CONVERSION = YES;
				CLANG_WARN_NON_LITERAL_NULL_CONVERSION = YES;
				CLANG_WARN_OBJC_IMPLICIT_RETAIN_SELF = YES;
				CLANG_WARN_OBJC_LITERAL_CONVERSION = YES;
				CLANG_WARN_OBJC_ROOT_CLASS = YES_ERROR;
				CLANG_WARN_QUOTED_INCLUDE_IN_FRAMEWORK_HEADER = YES;
				CLANG_WARN_RANGE_LOOP_ANALYSIS = YES;
				CLANG_WARN_STRICT_PROTOTYPES = YES;
				CLANG_WARN_SUSPICIOUS_MOVE = YES;
				CLANG_WARN_UNREACHABLE_CODE = YES;
				CLANG_WARN__DUPLICATE_METHOD_MATCH = YES;
				"CODE_SIGN_IDENTITY[sdk=iphoneos*]" = "iPhone Developer";
				COPY_PHASE_STRIP = YES;
				ENABLE_NS_ASSERTIONS = NO;
				ENABLE_STRICT_OBJC_MSGSEND = YES;
				"EXCLUDED_ARCHS[sdk=iphonesimulator*]" = "";
				GCC_C_LANGUAGE_STANDARD = gnu99;
				GCC_NO_COMMON_BLOCKS = YES;
				GCC_WARN_64_TO_32_BIT_CONVERSION = YES;
				GCC_WARN_ABOUT_RETURN_TYPE = YES_ERROR;
				GCC_WARN_UNDECLARED_SELECTOR = YES;
				GCC_WARN_UNINITIALIZED_AUTOS = YES_AGGRESSIVE;
				GCC_WARN_UNUSED_FUNCTION = YES;
				GCC_WARN_UNUSED_VARIABLE = YES;
				IPHONEOS_DEPLOYMENT_TARGET = 15.1;
				LD_RUNPATH_SEARCH_PATHS = (
					/usr/lib/swift,
					"$(inherited)",
				);
				LIBRARY_SEARCH_PATHS = (
					"\"$(SDKROOT)/usr/lib/swift\"",
					"\"$(TOOLCHAIN_DIR)/usr/lib/swift/$(PLATFORM_NAME)\"",
					"\"$(inherited)\"",
				);
				MTL_ENABLE_DEBUG_INFO = NO;
				OTHER_CPLUSPLUSFLAGS = (
					"$(OTHER_CFLAGS)",
					"-DFOLLY_NO_CONFIG",
					"-DFOLLY_MOBILE=1",
					"-DFOLLY_USE_LIBCPP=1",
					"-DFOLLY_CFG_NO_COROUTINES=1",
					"-DFOLLY_HAVE_CLOCK_GETTIME=1",
				);
				SDKROOT = iphoneos;
				VALIDATE_PRODUCT = YES;
			};
			name = Release;
		};
/* End XCBuildConfiguration section */

/* Begin XCConfigurationList section */
		13B07F931A680F5B00A75B9A /* Build configuration list for PBXNativeTarget "Nature_Notes" */ = {
			isa = XCConfigurationList;
			buildConfigurations = (
				13B07F941A680F5B00A75B9A /* Debug */,
				13B07F951A680F5B00A75B9A /* Release */,
			);
			defaultConfigurationIsVisible = 0;
			defaultConfigurationName = Release;
		};
		83CBB9FA1A601CBA00E9B192 /* Build configuration list for PBXProject "Nature_Notes" */ = {
			isa = XCConfigurationList;
			buildConfigurations = (
				83CBBA201A601CBA00E9B192 /* Debug */,
				83CBBA211A601CBA00E9B192 /* Release */,
			);
			defaultConfigurationIsVisible = 0;
			defaultConfigurationName = Release;
		};
/* End XCConfigurationList section */
	};
	rootObject = 83CBB9F71A601CBA00E9B192 /* Project object */;
}
